// !$*UTF8*$!
{
	archiveVersion = 1;
	classes = {
	};
	objectVersion = 56;
	objects = {

/* Begin PBXBuildFile section */
		C296B7472C60993900B4D2C7 /* AppDelegate.swift in Sources */ = {isa = PBXBuildFile; fileRef = C296B7462C60993900B4D2C7 /* AppDelegate.swift */; };
		C296B74B2C60993900B4D2C7 /* MainViewController.swift in Sources */ = {isa = PBXBuildFile; fileRef = C296B74A2C60993900B4D2C7 /* MainViewController.swift */; };
		C296B7502C60993A00B4D2C7 /* Assets.xcassets in Resources */ = {isa = PBXBuildFile; fileRef = C296B74F2C60993A00B4D2C7 /* Assets.xcassets */; };
		C296B7532C60993A00B4D2C7 /* Base in Resources */ = {isa = PBXBuildFile; fileRef = C296B7522C60993A00B4D2C7 /* Base */; };
		C296B7612C60999500B4D2C7 /* Pokemon.swift in Sources */ = {isa = PBXBuildFile; fileRef = C296B7602C60999500B4D2C7 /* Pokemon.swift */; };
		C296B7662C60A10E00B4D2C7 /* SnapKit in Frameworks */ = {isa = PBXBuildFile; productRef = C296B7652C60A10E00B4D2C7 /* SnapKit */; };
		C296B76C2C60A18700B4D2C7 /* NetwoerManager.swift in Sources */ = {isa = PBXBuildFile; fileRef = C296B76B2C60A18700B4D2C7 /* NetwoerManager.swift */; };
		C296B76E2C60A22200B4D2C7 /* RxBlocking in Frameworks */ = {isa = PBXBuildFile; productRef = C296B76D2C60A22200B4D2C7 /* RxBlocking */; };
		C296B7722C60A22200B4D2C7 /* RxCocoa in Frameworks */ = {isa = PBXBuildFile; productRef = C296B7712C60A22200B4D2C7 /* RxCocoa */; };
		C296B7762C60A22200B4D2C7 /* RxRelay in Frameworks */ = {isa = PBXBuildFile; productRef = C296B7752C60A22200B4D2C7 /* RxRelay */; };
		C296B7782C60A91200B4D2C7 /* MainViewModel.swift in Sources */ = {isa = PBXBuildFile; fileRef = C296B7772C60A91200B4D2C7 /* MainViewModel.swift */; };
		C296B77A2C60D94700B4D2C7 /* CollectionCell.swift in Sources */ = {isa = PBXBuildFile; fileRef = C296B7792C60D94700B4D2C7 /* CollectionCell.swift */; };
		C296B77C2C60D95900B4D2C7 /* DetailViewController.swift in Sources */ = {isa = PBXBuildFile; fileRef = C296B77B2C60D95900B4D2C7 /* DetailViewController.swift */; };
		C296B78A2C621B1A00B4D2C7 /* Extension+UIColor.swift in Sources */ = {isa = PBXBuildFile; fileRef = C296B7892C621B1A00B4D2C7 /* Extension+UIColor.swift */; };
		C296B78F2C63401A00B4D2C7 /* PokemonTranslator.swift in Sources */ = {isa = PBXBuildFile; fileRef = C296B78E2C63401A00B4D2C7 /* PokemonTranslator.swift */; };
		C296B7912C63403E00B4D2C7 /* PokemonTypeName.swift in Sources */ = {isa = PBXBuildFile; fileRef = C296B7902C63403E00B4D2C7 /* PokemonTypeName.swift */; };
		C296B7962C6361DD00B4D2C7 /* DetailViewModel.swift in Sources */ = {isa = PBXBuildFile; fileRef = C296B7952C6361DD00B4D2C7 /* DetailViewModel.swift */; };
/* End PBXBuildFile section */

/* Begin PBXFileReference section */
		C296B7432C60993900B4D2C7 /* Pokedex.app */ = {isa = PBXFileReference; explicitFileType = wrapper.application; includeInIndex = 0; path = Pokedex.app; sourceTree = BUILT_PRODUCTS_DIR; };
		C296B7462C60993900B4D2C7 /* AppDelegate.swift */ = {isa = PBXFileReference; lastKnownFileType = sourcecode.swift; path = AppDelegate.swift; sourceTree = "<group>"; };
		C296B74A2C60993900B4D2C7 /* MainViewController.swift */ = {isa = PBXFileReference; lastKnownFileType = sourcecode.swift; path = MainViewController.swift; sourceTree = "<group>"; };
		C296B74F2C60993A00B4D2C7 /* Assets.xcassets */ = {isa = PBXFileReference; lastKnownFileType = folder.assetcatalog; path = Assets.xcassets; sourceTree = "<group>"; };
		C296B7522C60993A00B4D2C7 /* Base */ = {isa = PBXFileReference; lastKnownFileType = file.storyboard; name = Base; path = Base.lproj/LaunchScreen.storyboard; sourceTree = "<group>"; };
		C296B7542C60993A00B4D2C7 /* Info.plist */ = {isa = PBXFileReference; lastKnownFileType = text.plist.xml; path = Info.plist; sourceTree = "<group>"; };
		C296B7602C60999500B4D2C7 /* Pokemon.swift */ = {isa = PBXFileReference; lastKnownFileType = sourcecode.swift; path = Pokemon.swift; sourceTree = "<group>"; };
		C296B76B2C60A18700B4D2C7 /* NetwoerManager.swift */ = {isa = PBXFileReference; lastKnownFileType = sourcecode.swift; path = NetwoerManager.swift; sourceTree = "<group>"; };
		C296B7772C60A91200B4D2C7 /* MainViewModel.swift */ = {isa = PBXFileReference; lastKnownFileType = sourcecode.swift; path = MainViewModel.swift; sourceTree = "<group>"; };
		C296B7792C60D94700B4D2C7 /* CollectionCell.swift */ = {isa = PBXFileReference; lastKnownFileType = sourcecode.swift; path = CollectionCell.swift; sourceTree = "<group>"; };
		C296B77B2C60D95900B4D2C7 /* DetailViewController.swift */ = {isa = PBXFileReference; lastKnownFileType = sourcecode.swift; path = DetailViewController.swift; sourceTree = "<group>"; };
		C296B7892C621B1A00B4D2C7 /* Extension+UIColor.swift */ = {isa = PBXFileReference; lastKnownFileType = sourcecode.swift; path = "Extension+UIColor.swift"; sourceTree = "<group>"; };
		C296B78E2C63401A00B4D2C7 /* PokemonTranslator.swift */ = {isa = PBXFileReference; lastKnownFileType = sourcecode.swift; path = PokemonTranslator.swift; sourceTree = "<group>"; };
		C296B7902C63403E00B4D2C7 /* PokemonTypeName.swift */ = {isa = PBXFileReference; lastKnownFileType = sourcecode.swift; path = PokemonTypeName.swift; sourceTree = "<group>"; };
		C296B7952C6361DD00B4D2C7 /* DetailViewModel.swift */ = {isa = PBXFileReference; lastKnownFileType = sourcecode.swift; path = DetailViewModel.swift; sourceTree = "<group>"; };
/* End PBXFileReference section */

/* Begin PBXFrameworksBuildPhase section */
		C296B7402C60993900B4D2C7 /* Frameworks */ = {
			isa = PBXFrameworksBuildPhase;
			buildActionMask = 2147483647;
			files = (
				C296B7762C60A22200B4D2C7 /* RxRelay in Frameworks */,
				C296B7662C60A10E00B4D2C7 /* SnapKit in Frameworks */,
				C296B7722C60A22200B4D2C7 /* RxCocoa in Frameworks */,
				C296B76E2C60A22200B4D2C7 /* RxBlocking in Frameworks */,
			);
			runOnlyForDeploymentPostprocessing = 0;
		};
/* End PBXFrameworksBuildPhase section */

/* Begin PBXGroup section */
		C296B73A2C60993900B4D2C7 = {
			isa = PBXGroup;
			children = (
				C296B7452C60993900B4D2C7 /* Pokedex */,
				C296B7442C60993900B4D2C7 /* Products */,
			);
			sourceTree = "<group>";
		};
		C296B7442C60993900B4D2C7 /* Products */ = {
			isa = PBXGroup;
			children = (
				C296B7432C60993900B4D2C7 /* Pokedex.app */,
			);
			name = Products;
			sourceTree = "<group>";
		};
		C296B7452C60993900B4D2C7 /* Pokedex */ = {
			isa = PBXGroup;
			children = (
				C296B7882C621B0300B4D2C7 /* Extension */,
				C296B76A2C60A16600B4D2C7 /* NetworkManager */,
				C296B75F2C60996F00B4D2C7 /* ViewModel */,
				C296B75E2C60996900B4D2C7 /* View */,
				C296B75D2C60996200B4D2C7 /* Model */,
				C296B75C2C60995900B4D2C7 /* App */,
				C296B7462C60993900B4D2C7 /* AppDelegate.swift */,
				C296B74F2C60993A00B4D2C7 /* Assets.xcassets */,
				C296B7512C60993A00B4D2C7 /* LaunchScreen.storyboard */,
				C296B7542C60993A00B4D2C7 /* Info.plist */,
			);
			path = Pokedex;
			sourceTree = "<group>";
		};
		C296B75C2C60995900B4D2C7 /* App */ = {
			isa = PBXGroup;
			children = (
			);
			path = App;
			sourceTree = "<group>";
		};
		C296B75D2C60996200B4D2C7 /* Model */ = {
			isa = PBXGroup;
			children = (
				C296B7602C60999500B4D2C7 /* Pokemon.swift */,
				C296B78E2C63401A00B4D2C7 /* PokemonTranslator.swift */,
				C296B7902C63403E00B4D2C7 /* PokemonTypeName.swift */,
			);
			path = Model;
			sourceTree = "<group>";
		};
		C296B75E2C60996900B4D2C7 /* View */ = {
			isa = PBXGroup;
			children = (
				C296B74A2C60993900B4D2C7 /* MainViewController.swift */,
				C296B7792C60D94700B4D2C7 /* CollectionCell.swift */,
				C296B77B2C60D95900B4D2C7 /* DetailViewController.swift */,
			);
			path = View;
			sourceTree = "<group>";
		};
		C296B75F2C60996F00B4D2C7 /* ViewModel */ = {
			isa = PBXGroup;
			children = (
				C296B7772C60A91200B4D2C7 /* MainViewModel.swift */,
				C296B7952C6361DD00B4D2C7 /* DetailViewModel.swift */,
			);
			path = ViewModel;
			sourceTree = "<group>";
		};
		C296B76A2C60A16600B4D2C7 /* NetworkManager */ = {
			isa = PBXGroup;
			children = (
				C296B76B2C60A18700B4D2C7 /* NetwoerManager.swift */,
			);
			path = NetworkManager;
			sourceTree = "<group>";
		};
		C296B7882C621B0300B4D2C7 /* Extension */ = {
			isa = PBXGroup;
			children = (
				C296B7892C621B1A00B4D2C7 /* Extension+UIColor.swift */,
			);
			path = Extension;
			sourceTree = "<group>";
		};
/* End PBXGroup section */

/* Begin PBXNativeTarget section */
		C296B7422C60993900B4D2C7 /* Pokedex */ = {
			isa = PBXNativeTarget;
			buildConfigurationList = C296B7572C60993A00B4D2C7 /* Build configuration list for PBXNativeTarget "Pokedex" */;
			buildPhases = (
				C296B73F2C60993900B4D2C7 /* Sources */,
				C296B7402C60993900B4D2C7 /* Frameworks */,
				C296B7412C60993900B4D2C7 /* Resources */,
			);
			buildRules = (
			);
			dependencies = (
			);
			name = Pokedex;
			packageProductDependencies = (
				C296B7652C60A10E00B4D2C7 /* SnapKit */,
				C296B76D2C60A22200B4D2C7 /* RxBlocking */,
				C296B7712C60A22200B4D2C7 /* RxCocoa */,
				C296B7752C60A22200B4D2C7 /* RxRelay */,
			);
			productName = Pokedex;
			productReference = C296B7432C60993900B4D2C7 /* Pokedex.app */;
			productType = "com.apple.product-type.application";
		};
/* End PBXNativeTarget section */

/* Begin PBXProject section */
		C296B73B2C60993900B4D2C7 /* Project object */ = {
			isa = PBXProject;
			attributes = {
				BuildIndependentTargetsInParallel = 1;
				LastSwiftUpdateCheck = 1540;
				LastUpgradeCheck = 1540;
				TargetAttributes = {
					C296B7422C60993900B4D2C7 = {
						CreatedOnToolsVersion = 15.4;
					};
				};
			};
			buildConfigurationList = C296B73E2C60993900B4D2C7 /* Build configuration list for PBXProject "Pokedex" */;
			compatibilityVersion = "Xcode 14.0";
			developmentRegion = en;
			hasScannedForEncodings = 0;
			knownRegions = (
				en,
				Base,
			);
			mainGroup = C296B73A2C60993900B4D2C7;
			packageReferences = (
				C296B7642C60A10E00B4D2C7 /* XCRemoteSwiftPackageReference "SnapKit" */,
				C296B7692C60A15100B4D2C7 /* XCRemoteSwiftPackageReference "RxSwift" */,
			);
			productRefGroup = C296B7442C60993900B4D2C7 /* Products */;
			projectDirPath = "";
			projectRoot = "";
			targets = (
				C296B7422C60993900B4D2C7 /* Pokedex */,
			);
		};
/* End PBXProject section */

/* Begin PBXResourcesBuildPhase section */
		C296B7412C60993900B4D2C7 /* Resources */ = {
			isa = PBXResourcesBuildPhase;
			buildActionMask = 2147483647;
			files = (
				C296B7502C60993A00B4D2C7 /* Assets.xcassets in Resources */,
				C296B7532C60993A00B4D2C7 /* Base in Resources */,
			);
			runOnlyForDeploymentPostprocessing = 0;
		};
/* End PBXResourcesBuildPhase section */

/* Begin PBXSourcesBuildPhase section */
		C296B73F2C60993900B4D2C7 /* Sources */ = {
			isa = PBXSourcesBuildPhase;
			buildActionMask = 2147483647;
			files = (
				C296B76C2C60A18700B4D2C7 /* NetwoerManager.swift in Sources */,
				C296B74B2C60993900B4D2C7 /* MainViewController.swift in Sources */,
				C296B7612C60999500B4D2C7 /* Pokemon.swift in Sources */,
				C296B77A2C60D94700B4D2C7 /* CollectionCell.swift in Sources */,
				C296B7912C63403E00B4D2C7 /* PokemonTypeName.swift in Sources */,
				C296B78F2C63401A00B4D2C7 /* PokemonTranslator.swift in Sources */,
				C296B78A2C621B1A00B4D2C7 /* Extension+UIColor.swift in Sources */,
				C296B77C2C60D95900B4D2C7 /* DetailViewController.swift in Sources */,
				C296B7472C60993900B4D2C7 /* AppDelegate.swift in Sources */,
				C296B7962C6361DD00B4D2C7 /* DetailViewModel.swift in Sources */,
				C296B7782C60A91200B4D2C7 /* MainViewModel.swift in Sources */,
			);
			runOnlyForDeploymentPostprocessing = 0;
		};
/* End PBXSourcesBuildPhase section */

/* Begin PBXVariantGroup section */
		C296B7512C60993A00B4D2C7 /* LaunchScreen.storyboard */ = {
			isa = PBXVariantGroup;
			children = (
				C296B7522C60993A00B4D2C7 /* Base */,
			);
			name = LaunchScreen.storyboard;
			sourceTree = "<group>";
		};
/* End PBXVariantGroup section */

/* Begin XCBuildConfiguration section */
		C296B7552C60993A00B4D2C7 /* Debug */ = {
			isa = XCBuildConfiguration;
			buildSettings = {
				ALWAYS_SEARCH_USER_PATHS = NO;
				ASSETCATALOG_COMPILER_GENERATE_SWIFT_ASSET_SYMBOL_EXTENSIONS = YES;
				CLANG_ANALYZER_NONNULL = YES;
				CLANG_ANALYZER_NUMBER_OBJECT_CONVERSION = YES_AGGRESSIVE;
				CLANG_CXX_LANGUAGE_STANDARD = "gnu++20";
				CLANG_ENABLE_MODULES = YES;
				CLANG_ENABLE_OBJC_ARC = YES;
				CLANG_ENABLE_OBJC_WEAK = YES;
				CLANG_WARN_BLOCK_CAPTURE_AUTORELEASING = YES;
				CLANG_WARN_BOOL_CONVERSION = YES;
				CLANG_WARN_COMMA = YES;
				CLANG_WARN_CONSTANT_CONVERSION = YES;
				CLANG_WARN_DEPRECATED_OBJC_IMPLEMENTATIONS = YES;
				CLANG_WARN_DIRECT_OBJC_ISA_USAGE = YES_ERROR;
				CLANG_WARN_DOCUMENTATION_COMMENTS = YES;
				CLANG_WARN_EMPTY_BODY = YES;
				CLANG_WARN_ENUM_CONVERSION = YES;
				CLANG_WARN_INFINITE_RECURSION = YES;
				CLANG_WARN_INT_CONVERSION = YES;
				CLANG_WARN_NON_LITERAL_NULL_CONVERSION = YES;
				CLANG_WARN_OBJC_IMPLICIT_RETAIN_SELF = YES;
				CLANG_WARN_OBJC_LITERAL_CONVERSION = YES;
				CLANG_WARN_OBJC_ROOT_CLASS = YES_ERROR;
				CLANG_WARN_QUOTED_INCLUDE_IN_FRAMEWORK_HEADER = YES;
				CLANG_WARN_RANGE_LOOP_ANALYSIS = YES;
				CLANG_WARN_STRICT_PROTOTYPES = YES;
				CLANG_WARN_SUSPICIOUS_MOVE = YES;
				CLANG_WARN_UNGUARDED_AVAILABILITY = YES_AGGRESSIVE;
				CLANG_WARN_UNREACHABLE_CODE = YES;
				CLANG_WARN__DUPLICATE_METHOD_MATCH = YES;
				COPY_PHASE_STRIP = NO;
				DEBUG_INFORMATION_FORMAT = dwarf;
				ENABLE_STRICT_OBJC_MSGSEND = YES;
				ENABLE_TESTABILITY = YES;
				ENABLE_USER_SCRIPT_SANDBOXING = YES;
				GCC_C_LANGUAGE_STANDARD = gnu17;
				GCC_DYNAMIC_NO_PIC = NO;
				GCC_NO_COMMON_BLOCKS = YES;
				GCC_OPTIMIZATION_LEVEL = 0;
				GCC_PREPROCESSOR_DEFINITIONS = (
					"DEBUG=1",
					"$(inherited)",
				);
				GCC_WARN_64_TO_32_BIT_CONVERSION = YES;
				GCC_WARN_ABOUT_RETURN_TYPE = YES_ERROR;
				GCC_WARN_UNDECLARED_SELECTOR = YES;
				GCC_WARN_UNINITIALIZED_AUTOS = YES_AGGRESSIVE;
				GCC_WARN_UNUSED_FUNCTION = YES;
				GCC_WARN_UNUSED_VARIABLE = YES;
				IPHONEOS_DEPLOYMENT_TARGET = 17.5;
				LOCALIZATION_PREFERS_STRING_CATALOGS = YES;
				MTL_ENABLE_DEBUG_INFO = INCLUDE_SOURCE;
				MTL_FAST_MATH = YES;
				ONLY_ACTIVE_ARCH = YES;
				SDKROOT = iphoneos;
				SWIFT_ACTIVE_COMPILATION_CONDITIONS = "DEBUG $(inherited)";
				SWIFT_OPTIMIZATION_LEVEL = "-Onone";
			};
			name = Debug;
		};
		C296B7562C60993A00B4D2C7 /* Release */ = {
			isa = XCBuildConfiguration;
			buildSettings = {
				ALWAYS_SEARCH_USER_PATHS = NO;
				ASSETCATALOG_COMPILER_GENERATE_SWIFT_ASSET_SYMBOL_EXTENSIONS = YES;
				CLANG_ANALYZER_NONNULL = YES;
				CLANG_ANALYZER_NUMBER_OBJECT_CONVERSION = YES_AGGRESSIVE;
				CLANG_CXX_LANGUAGE_STANDARD = "gnu++20";
				CLANG_ENABLE_MODULES = YES;
				CLANG_ENABLE_OBJC_ARC = YES;
				CLANG_ENABLE_OBJC_WEAK = YES;
				CLANG_WARN_BLOCK_CAPTURE_AUTORELEASING = YES;
				CLANG_WARN_BOOL_CONVERSION = YES;
				CLANG_WARN_COMMA = YES;
				CLANG_WARN_CONSTANT_CONVERSION = YES;
				CLANG_WARN_DEPRECATED_OBJC_IMPLEMENTATIONS = YES;
				CLANG_WARN_DIRECT_OBJC_ISA_USAGE = YES_ERROR;
				CLANG_WARN_DOCUMENTATION_COMMENTS = YES;
				CLANG_WARN_EMPTY_BODY = YES;
				CLANG_WARN_ENUM_CONVERSION = YES;
				CLANG_WARN_INFINITE_RECURSION = YES;
				CLANG_WARN_INT_CONVERSION = YES;
				CLANG_WARN_NON_LITERAL_NULL_CONVERSION = YES;
				CLANG_WARN_OBJC_IMPLICIT_RETAIN_SELF = YES;
				CLANG_WARN_OBJC_LITERAL_CONVERSION = YES;
				CLANG_WARN_OBJC_ROOT_CLASS = YES_ERROR;
				CLANG_WARN_QUOTED_INCLUDE_IN_FRAMEWORK_HEADER = YES;
				CLANG_WARN_RANGE_LOOP_ANALYSIS = YES;
				CLANG_WARN_STRICT_PROTOTYPES = YES;
				CLANG_WARN_SUSPICIOUS_MOVE = YES;
				CLANG_WARN_UNGUARDED_AVAILABILITY = YES_AGGRESSIVE;
				CLANG_WARN_UNREACHABLE_CODE = YES;
				CLANG_WARN__DUPLICATE_METHOD_MATCH = YES;
				COPY_PHASE_STRIP = NO;
				DEBUG_INFORMATION_FORMAT = "dwarf-with-dsym";
				ENABLE_NS_ASSERTIONS = NO;
				ENABLE_STRICT_OBJC_MSGSEND = YES;
				ENABLE_USER_SCRIPT_SANDBOXING = YES;
				GCC_C_LANGUAGE_STANDARD = gnu17;
				GCC_NO_COMMON_BLOCKS = YES;
				GCC_WARN_64_TO_32_BIT_CONVERSION = YES;
				GCC_WARN_ABOUT_RETURN_TYPE = YES_ERROR;
				GCC_WARN_UNDECLARED_SELECTOR = YES;
				GCC_WARN_UNINITIALIZED_AUTOS = YES_AGGRESSIVE;
				GCC_WARN_UNUSED_FUNCTION = YES;
				GCC_WARN_UNUSED_VARIABLE = YES;
				IPHONEOS_DEPLOYMENT_TARGET = 17.5;
				LOCALIZATION_PREFERS_STRING_CATALOGS = YES;
				MTL_ENABLE_DEBUG_INFO = NO;
				MTL_FAST_MATH = YES;
				SDKROOT = iphoneos;
				SWIFT_COMPILATION_MODE = wholemodule;
				VALIDATE_PRODUCT = YES;
			};
			name = Release;
		};
		C296B7582C60993A00B4D2C7 /* Debug */ = {
			isa = XCBuildConfiguration;
			buildSettings = {
				ASSETCATALOG_COMPILER_APPICON_NAME = AppIcon;
				ASSETCATALOG_COMPILER_GLOBAL_ACCENT_COLOR_NAME = AccentColor;
				CODE_SIGN_STYLE = Automatic;
				CURRENT_PROJECT_VERSION = 1;
				DEVELOPMENT_TEAM = NVHG2GB4N8;
				GENERATE_INFOPLIST_FILE = YES;
				INFOPLIST_FILE = Pokedex/Info.plist;
				INFOPLIST_KEY_UIApplicationSupportsIndirectInputEvents = YES;
				INFOPLIST_KEY_UILaunchStoryboardName = LaunchScreen;
				INFOPLIST_KEY_UISupportedInterfaceOrientations_iPad = "UIInterfaceOrientationPortrait UIInterfaceOrientationPortraitUpsideDown UIInterfaceOrientationLandscapeLeft UIInterfaceOrientationLandscapeRight";
				INFOPLIST_KEY_UISupportedInterfaceOrientations_iPhone = "UIInterfaceOrientationPortrait UIInterfaceOrientationLandscapeLeft UIInterfaceOrientationLandscapeRight";
				LD_RUNPATH_SEARCH_PATHS = (
					"$(inherited)",
					"@executable_path/Frameworks",
				);
				MARKETING_VERSION = 1.0;
				PRODUCT_BUNDLE_IDENTIFIER = com.jeom.Pokedex;
				PRODUCT_NAME = "$(TARGET_NAME)";
				SWIFT_EMIT_LOC_STRINGS = YES;
				SWIFT_VERSION = 5.0;
				TARGETED_DEVICE_FAMILY = "1,2";
			};
			name = Debug;
		};
		C296B7592C60993A00B4D2C7 /* Release */ = {
			isa = XCBuildConfiguration;
			buildSettings = {
				ASSETCATALOG_COMPILER_APPICON_NAME = AppIcon;
				ASSETCATALOG_COMPILER_GLOBAL_ACCENT_COLOR_NAME = AccentColor;
				CODE_SIGN_STYLE = Automatic;
				CURRENT_PROJECT_VERSION = 1;
				DEVELOPMENT_TEAM = NVHG2GB4N8;
				GENERATE_INFOPLIST_FILE = YES;
				INFOPLIST_FILE = Pokedex/Info.plist;
				INFOPLIST_KEY_UIApplicationSupportsIndirectInputEvents = YES;
				INFOPLIST_KEY_UILaunchStoryboardName = LaunchScreen;
				INFOPLIST_KEY_UISupportedInterfaceOrientations_iPad = "UIInterfaceOrientationPortrait UIInterfaceOrientationPortraitUpsideDown UIInterfaceOrientationLandscapeLeft UIInterfaceOrientationLandscapeRight";
				INFOPLIST_KEY_UISupportedInterfaceOrientations_iPhone = "UIInterfaceOrientationPortrait UIInterfaceOrientationLandscapeLeft UIInterfaceOrientationLandscapeRight";
				LD_RUNPATH_SEARCH_PATHS = (
					"$(inherited)",
					"@executable_path/Frameworks",
				);
				MARKETING_VERSION = 1.0;
				PRODUCT_BUNDLE_IDENTIFIER = com.jeom.Pokedex;
				PRODUCT_NAME = "$(TARGET_NAME)";
				SWIFT_EMIT_LOC_STRINGS = YES;
				SWIFT_VERSION = 5.0;
				TARGETED_DEVICE_FAMILY = "1,2";
			};
			name = Release;
		};
/* End XCBuildConfiguration section */

/* Begin XCConfigurationList section */
		C296B73E2C60993900B4D2C7 /* Build configuration list for PBXProject "Pokedex" */ = {
			isa = XCConfigurationList;
			buildConfigurations = (
				C296B7552C60993A00B4D2C7 /* Debug */,
				C296B7562C60993A00B4D2C7 /* Release */,
			);
			defaultConfigurationIsVisible = 0;
			defaultConfigurationName = Release;
		};
		C296B7572C60993A00B4D2C7 /* Build configuration list for PBXNativeTarget "Pokedex" */ = {
			isa = XCConfigurationList;
			buildConfigurations = (
				C296B7582C60993A00B4D2C7 /* Debug */,
				C296B7592C60993A00B4D2C7 /* Release */,
			);
			defaultConfigurationIsVisible = 0;
			defaultConfigurationName = Release;
		};
/* End XCConfigurationList section */

/* Begin XCRemoteSwiftPackageReference section */
		C296B7642C60A10E00B4D2C7 /* XCRemoteSwiftPackageReference "SnapKit" */ = {
			isa = XCRemoteSwiftPackageReference;
			repositoryURL = "https://github.com/SnapKit/SnapKit.git";
			requirement = {
				kind = upToNextMajorVersion;
				minimumVersion = 5.7.1;
			};
		};
		C296B7692C60A15100B4D2C7 /* XCRemoteSwiftPackageReference "RxSwift" */ = {
			isa = XCRemoteSwiftPackageReference;
			repositoryURL = "https://github.com/ReactiveX/RxSwift.git";
			requirement = {
				kind = upToNextMajorVersion;
				minimumVersion = 6.7.1;
			};
		};
/* End XCRemoteSwiftPackageReference section */

/* Begin XCSwiftPackageProductDependency section */
		C296B7652C60A10E00B4D2C7 /* SnapKit */ = {
			isa = XCSwiftPackageProductDependency;
			package = C296B7642C60A10E00B4D2C7 /* XCRemoteSwiftPackageReference "SnapKit" */;
			productName = SnapKit;
		};
		C296B76D2C60A22200B4D2C7 /* RxBlocking */ = {
			isa = XCSwiftPackageProductDependency;
			package = C296B7692C60A15100B4D2C7 /* XCRemoteSwiftPackageReference "RxSwift" */;
			productName = RxBlocking;
		};
		C296B7712C60A22200B4D2C7 /* RxCocoa */ = {
			isa = XCSwiftPackageProductDependency;
			package = C296B7692C60A15100B4D2C7 /* XCRemoteSwiftPackageReference "RxSwift" */;
			productName = RxCocoa;
		};
		C296B7752C60A22200B4D2C7 /* RxRelay */ = {
			isa = XCSwiftPackageProductDependency;
			package = C296B7692C60A15100B4D2C7 /* XCRemoteSwiftPackageReference "RxSwift" */;
			productName = RxRelay;
		};
/* End XCSwiftPackageProductDependency section */
	};
	rootObject = C296B73B2C60993900B4D2C7 /* Project object */;
}
